
Microsoft Visual Studio Solution File, Format Version 12.00
# Visual Studio Version 17
VisualStudioVersion = 17.2.32516.85
MinimumVisualStudioVersion = 10.0.40219.1
Project("{2150E333-8FDC-42A3-9474-1A3956D46DE8}") = "Api", "Api", "{15C6E699-1935-4335-AC31-D34CB69BA85E}"
EndProject
Project("{9A19103F-16F7-4668-BE54-9A1E7A4F7556}") = "PaymentGateway.Api", "Api\PaymentGateway.Api\PaymentGateway.Api.csproj", "{15F7E695-CAC5-493B-AC06-15766E06164D}"
EndProject
Project("{9A19103F-16F7-4668-BE54-9A1E7A4F7556}") = "PaymentGateway.Core", "Api\PaymentGateway.Core\PaymentGateway.Core.csproj", "{10C96F3E-0AAA-44DD-9E49-4575BCF8E866}"
EndProject
Project("{9A19103F-16F7-4668-BE54-9A1E7A4F7556}") = "PaymentGateway.Domain", "Api\PaymentGateway.Domain\PaymentGateway.Domain.csproj", "{DF3EDEDC-C9D8-45FF-904F-2B035C642BE3}"
EndProject
Project("{2150E333-8FDC-42A3-9474-1A3956D46DE8}") = "Tests", "Tests", "{500163FB-3D46-4A5C-9286-DBFE3E97E21A}"
EndProject
Project("{9A19103F-16F7-4668-BE54-9A1E7A4F7556}") = "PaymentGateway.Api.Tests", "Tests\PaymentGateway.Api.Tests\PaymentGateway.Api.Tests.csproj", "{C3237BD7-43C8-4177-8AFB-A6602877E76C}"
EndProject
Project("{9A19103F-16F7-4668-BE54-9A1E7A4F7556}") = "PaymentGateway.Core.Tests", "Tests\PaymentGateway.Core.Tests\PaymentGateway.Core.Tests.csproj", "{F418339C-0653-4EBE-8D11-ACD1B99ED553}"
EndProject
Project("{9A19103F-16F7-4668-BE54-9A1E7A4F7556}") = "PaymentGateway.Domain.Tests", "Tests\PaymentGateway.Domain.Tests\PaymentGateway.Domain.Tests.csproj", "{7469BD02-0069-436C-B3EA-7E0EF94E146B}"
EndProject
Project("{9A19103F-16F7-4668-BE54-9A1E7A4F7556}") = "PaymentGateway.TestBase", "Tests\PaymentGateway.TestBase\PaymentGateway.TestBase.csproj", "{72375CF0-B471-4974-8B25-1E848276CF96}"
EndProject
Project("{9A19103F-16F7-4668-BE54-9A1E7A4F7556}") = "PaymentGateway.DependencyInjection", "Api\PaymentGateway.DependencyInjection\PaymentGateway.DependencyInjection.csproj", "{228925A3-91F9-420E-8234-B22C60653C09}"
EndProject
Global
	GlobalSection(SolutionConfigurationPlatforms) = preSolution
		Debug|Any CPU = Debug|Any CPU
		Release|Any CPU = Release|Any CPU
	EndGlobalSection
	GlobalSection(ProjectConfigurationPlatforms) = postSolution
		{15F7E695-CAC5-493B-AC06-15766E06164D}.Debug|Any CPU.ActiveCfg = Debug|Any CPU
		{15F7E695-CAC5-493B-AC06-15766E06164D}.Debug|Any CPU.Build.0 = Debug|Any CPU
		{15F7E695-CAC5-493B-AC06-15766E06164D}.Release|Any CPU.ActiveCfg = Release|Any CPU
		{15F7E695-CAC5-493B-AC06-15766E06164D}.Release|Any CPU.Build.0 = Release|Any CPU
		{10C96F3E-0AAA-44DD-9E49-4575BCF8E866}.Debug|Any CPU.ActiveCfg = Debug|Any CPU
		{10C96F3E-0AAA-44DD-9E49-4575BCF8E866}.Debug|Any CPU.Build.0 = Debug|Any CPU
		{10C96F3E-0AAA-44DD-9E49-4575BCF8E866}.Release|Any CPU.ActiveCfg = Release|Any CPU
		{10C96F3E-0AAA-44DD-9E49-4575BCF8E866}.Release|Any CPU.Build.0 = Release|Any CPU
		{DF3EDEDC-C9D8-45FF-904F-2B035C642BE3}.Debug|Any CPU.ActiveCfg = Debug|Any CPU
		{DF3EDEDC-C9D8-45FF-904F-2B035C642BE3}.Debug|Any CPU.Build.0 = Debug|Any CPU
		{DF3EDEDC-C9D8-45FF-904F-2B035C642BE3}.Release|Any CPU.ActiveCfg = Release|Any CPU
		{DF3EDEDC-C9D8-45FF-904F-2B035C642BE3}.Release|Any CPU.Build.0 = Release|Any CPU
		{C3237BD7-43C8-4177-8AFB-A6602877E76C}.Debug|Any CPU.ActiveCfg = Debug|Any CPU
		{C3237BD7-43C8-4177-8AFB-A6602877E76C}.Debug|Any CPU.Build.0 = Debug|Any CPU
		{C3237BD7-43C8-4177-8AFB-A6602877E76C}.Release|Any CPU.ActiveCfg = Release|Any CPU
		{C3237BD7-43C8-4177-8AFB-A6602877E76C}.Release|Any CPU.Build.0 = Release|Any CPU
		{F418339C-0653-4EBE-8D11-ACD1B99ED553}.Debug|Any CPU.ActiveCfg = Debug|Any CPU
		{F418339C-0653-4EBE-8D11-ACD1B99ED553}.Debug|Any CPU.Build.0 = Debug|Any CPU
		{F418339C-0653-4EBE-8D11-ACD1B99ED553}.Release|Any CPU.ActiveCfg = Release|Any CPU
		{F418339C-0653-4EBE-8D11-ACD1B99ED553}.Release|Any CPU.Build.0 = Release|Any CPU
		{7469BD02-0069-436C-B3EA-7E0EF94E146B}.Debug|Any CPU.ActiveCfg = Debug|Any CPU
		{7469BD02-0069-436C-B3EA-7E0EF94E146B}.Debug|Any CPU.Build.0 = Debug|Any CPU
		{7469BD02-0069-436C-B3EA-7E0EF94E146B}.Release|Any CPU.ActiveCfg = Release|Any CPU
		{7469BD02-0069-436C-B3EA-7E0EF94E146B}.Release|Any CPU.Build.0 = Release|Any CPU
		{72375CF0-B471-4974-8B25-1E848276CF96}.Debug|Any CPU.ActiveCfg = Debug|Any CPU
		{72375CF0-B471-4974-8B25-1E848276CF96}.Debug|Any CPU.Build.0 = Debug|Any CPU
		{72375CF0-B471-4974-8B25-1E848276CF96}.Release|Any CPU.ActiveCfg = Release|Any CPU
		{72375CF0-B471-4974-8B25-1E848276CF96}.Release|Any CPU.Build.0 = Release|Any CPU
		{228925A3-91F9-420E-8234-B22C60653C09}.Debug|Any CPU.ActiveCfg = Debug|Any CPU
		{228925A3-91F9-420E-8234-B22C60653C09}.Debug|Any CPU.Build.0 = Debug|Any CPU
		{228925A3-91F9-420E-8234-B22C60653C09}.Release|Any CPU.ActiveCfg = Release|Any CPU
		{228925A3-91F9-420E-8234-B22C60653C09}.Release|Any CPU.Build.0 = Release|Any CPU
	EndGlobalSection
	GlobalSection(SolutionProperties) = preSolution
		HideSolutionNode = FALSE
	EndGlobalSection
	GlobalSection(NestedProjects) = preSolution
		{15F7E695-CAC5-493B-AC06-15766E06164D} = {15C6E699-1935-4335-AC31-D34CB69BA85E}
		{10C96F3E-0AAA-44DD-9E49-4575BCF8E866} = {15C6E699-1935-4335-AC31-D34CB69BA85E}
		{DF3EDEDC-C9D8-45FF-904F-2B035C642BE3} = {15C6E699-1935-4335-AC31-D34CB69BA85E}
		{C3237BD7-43C8-4177-8AFB-A6602877E76C} = {500163FB-3D46-4A5C-9286-DBFE3E97E21A}
		{F418339C-0653-4EBE-8D11-ACD1B99ED553} = {500163FB-3D46-4A5C-9286-DBFE3E97E21A}
		{7469BD02-0069-436C-B3EA-7E0EF94E146B} = {500163FB-3D46-4A5C-9286-DBFE3E97E21A}
		{72375CF0-B471-4974-8B25-1E848276CF96} = {500163FB-3D46-4A5C-9286-DBFE3E97E21A}
		{228925A3-91F9-420E-8234-B22C60653C09} = {15C6E699-1935-4335-AC31-D34CB69BA85E}
	EndGlobalSection
	GlobalSection(ExtensibilityGlobals) = postSolution
		SolutionGuid = {C2D6F891-EFBA-48EB-844E-44B23C91445F}
	EndGlobalSection
EndGlobal
